
Microsoft Visual Studio Solution File, Format Version 12.00
# Visual Studio Version 17
VisualStudioVersion = 17.7.34009.444
MinimumVisualStudioVersion = 10.0.40219.1
Project("{FAE04EC0-301F-11D3-BF4B-00C04F79EFBC}") = "TehtavaB4", "TehtavaB4.csproj", "{F4ED6C5C-3462-4A85-A261-DE3AF03DFD69}"
EndProject
Global
	GlobalSection(SolutionConfigurationPlatforms) = preSolution
		Debug|Any CPU = Debug|Any CPU
		Release|Any CPU = Release|Any CPU
	EndGlobalSection
	GlobalSection(ProjectConfigurationPlatforms) = postSolution
		{F4ED6C5C-3462-4A85-A261-DE3AF03DFD69}.Debug|Any CPU.ActiveCfg = Debug|Any CPU
		{F4ED6C5C-3462-4A85-A261-DE3AF03DFD69}.Debug|Any CPU.Build.0 = Debug|Any CPU
		{F4ED6C5C-3462-4A85-A261-DE3AF03DFD69}.Release|Any CPU.ActiveCfg = Release|Any CPU
		{F4ED6C5C-3462-4A85-A261-DE3AF03DFD69}.Release|Any CPU.Build.0 = Release|Any CPU
	EndGlobalSection
	GlobalSection(SolutionProperties) = preSolution
		HideSolutionNode = FALSE
	EndGlobalSection
	GlobalSection(ExtensibilityGlobals) = postSolution
		SolutionGuid = {DE70E3D7-FA65-428B-97AF-780DD5C3D504}
	EndGlobalSection
EndGlobal
